
Microsoft Visual Studio Solution File, Format Version 12.00
Project("{FAE04EC0-301F-11D3-BF4B-00C04F79EFBC}") = "simple-symbol.net", "simple-symbol.net\simple-symbol.net.csproj", "{E0F74EFA-5156-4859-A58D-26AA088DCB8B}"
EndProject
Project("{FAE04EC0-301F-11D3-BF4B-00C04F79EFBC}") = "simple-symbol.net.tests", "simple-symbol.net.tests\simple-symbol.net.tests.csproj", "{60BCAF64-8468-465D-9E7D-51FA23795ECB}"
EndProject
Global
	GlobalSection(SolutionConfigurationPlatforms) = preSolution
		Debug|Any CPU = Debug|Any CPU
		Release|Any CPU = Release|Any CPU
	EndGlobalSection
	GlobalSection(ProjectConfigurationPlatforms) = postSolution
		{E0F74EFA-5156-4859-A58D-26AA088DCB8B}.Debug|Any CPU.ActiveCfg = Debug|Any CPU
		{E0F74EFA-5156-4859-A58D-26AA088DCB8B}.Debug|Any CPU.Build.0 = Debug|Any CPU
		{E0F74EFA-5156-4859-A58D-26AA088DCB8B}.Release|Any CPU.ActiveCfg = Release|Any CPU
		{E0F74EFA-5156-4859-A58D-26AA088DCB8B}.Release|Any CPU.Build.0 = Release|Any CPU
		{60BCAF64-8468-465D-9E7D-51FA23795ECB}.Debug|Any CPU.ActiveCfg = Debug|Any CPU
		{60BCAF64-8468-465D-9E7D-51FA23795ECB}.Debug|Any CPU.Build.0 = Debug|Any CPU
		{60BCAF64-8468-465D-9E7D-51FA23795ECB}.Release|Any CPU.ActiveCfg = Release|Any CPU
		{60BCAF64-8468-465D-9E7D-51FA23795ECB}.Release|Any CPU.Build.0 = Release|Any CPU
	EndGlobalSection
EndGlobal
